
Microsoft Visual Studio Solution File, Format Version 12.00
# Visual Studio Version 16
VisualStudioVersion = 16.0.34729.46
MinimumVisualStudioVersion = 10.0.40219.1
Project("{9A19103F-16F7-4668-BE54-9A1E7A4F7556}") = "FlipView", "src\FlipView.csproj", "{800AA4C7-F224-4DEC-8233-E1BFFEC86D85}"
EndProject
Project("{2150E333-8FDC-42A3-9474-1A3956D46DE8}") = "Test", "Test", "{F14F8CA8-0B91-466D-8E1B-6E2CA7DA6FA1}"
EndProject
Project("{FAE04EC0-301F-11D3-BF4B-00C04F79EFBC}") = "FlipViewTest", "Test\FlipViewTest\FlipViewTest.csproj", "{0334654D-0993-4613-8EFD-B550B17D852D}"
EndProject
Project("{2150E333-8FDC-42A3-9474-1A3956D46DE8}") = "src", "src", "{E7986880-1ACF-49FA-9342-BE3B84F2E66C}"
EndProject
Global
	GlobalSection(SolutionConfigurationPlatforms) = preSolution
		Debug|Any CPU = Debug|Any CPU
		Debug|ARM64 = Debug|ARM64
		Debug|x64 = Debug|x64
		Debug|x86 = Debug|x86
		Release|Any CPU = Release|Any CPU
		Release|ARM64 = Release|ARM64
		Release|x64 = Release|x64
		Release|x86 = Release|x86
	EndGlobalSection
	GlobalSection(ProjectConfigurationPlatforms) = postSolution
		{800AA4C7-F224-4DEC-8233-E1BFFEC86D85}.Debug|Any CPU.ActiveCfg = Debug|Any CPU
		{800AA4C7-F224-4DEC-8233-E1BFFEC86D85}.Debug|Any CPU.Build.0 = Debug|Any CPU
		{800AA4C7-F224-4DEC-8233-E1BFFEC86D85}.Debug|ARM64.ActiveCfg = Debug|Any CPU
		{800AA4C7-F224-4DEC-8233-E1BFFEC86D85}.Debug|ARM64.Build.0 = Debug|Any CPU
		{800AA4C7-F224-4DEC-8233-E1BFFEC86D85}.Debug|x64.ActiveCfg = Debug|Any CPU
		{800AA4C7-F224-4DEC-8233-E1BFFEC86D85}.Debug|x64.Build.0 = Debug|Any CPU
		{800AA4C7-F224-4DEC-8233-E1BFFEC86D85}.Debug|x86.ActiveCfg = Debug|Any CPU
		{800AA4C7-F224-4DEC-8233-E1BFFEC86D85}.Debug|x86.Build.0 = Debug|Any CPU
		{800AA4C7-F224-4DEC-8233-E1BFFEC86D85}.Release|Any CPU.ActiveCfg = Release|Any CPU
		{800AA4C7-F224-4DEC-8233-E1BFFEC86D85}.Release|Any CPU.Build.0 = Release|Any CPU
		{800AA4C7-F224-4DEC-8233-E1BFFEC86D85}.Release|ARM64.ActiveCfg = Release|Any CPU
		{800AA4C7-F224-4DEC-8233-E1BFFEC86D85}.Release|ARM64.Build.0 = Release|Any CPU
		{800AA4C7-F224-4DEC-8233-E1BFFEC86D85}.Release|x64.ActiveCfg = Release|Any CPU
		{800AA4C7-F224-4DEC-8233-E1BFFEC86D85}.Release|x64.Build.0 = Release|Any CPU
		{800AA4C7-F224-4DEC-8233-E1BFFEC86D85}.Release|x86.ActiveCfg = Release|Any CPU
		{800AA4C7-F224-4DEC-8233-E1BFFEC86D85}.Release|x86.Build.0 = Release|Any CPU
		{0334654D-0993-4613-8EFD-B550B17D852D}.Debug|Any CPU.ActiveCfg = Debug|Any CPU
		{0334654D-0993-4613-8EFD-B550B17D852D}.Debug|Any CPU.Build.0 = Debug|Any CPU
		{0334654D-0993-4613-8EFD-B550B17D852D}.Debug|Any CPU.Deploy.0 = Debug|Any CPU
		{0334654D-0993-4613-8EFD-B550B17D852D}.Debug|ARM64.ActiveCfg = Debug|Any CPU
		{0334654D-0993-4613-8EFD-B550B17D852D}.Debug|ARM64.Build.0 = Debug|Any CPU
		{0334654D-0993-4613-8EFD-B550B17D852D}.Debug|ARM64.Deploy.0 = Debug|Any CPU
		{0334654D-0993-4613-8EFD-B550B17D852D}.Debug|x64.ActiveCfg = Debug|Any CPU
		{0334654D-0993-4613-8EFD-B550B17D852D}.Debug|x64.Build.0 = Debug|Any CPU
		{0334654D-0993-4613-8EFD-B550B17D852D}.Debug|x64.Deploy.0 = Debug|Any CPU
		{0334654D-0993-4613-8EFD-B550B17D852D}.Debug|x86.ActiveCfg = Debug|Any CPU
		{0334654D-0993-4613-8EFD-B550B17D852D}.Debug|x86.Build.0 = Debug|Any CPU
		{0334654D-0993-4613-8EFD-B550B17D852D}.Debug|x86.Deploy.0 = Debug|Any CPU
		{0334654D-0993-4613-8EFD-B550B17D852D}.Release|Any CPU.ActiveCfg = Release|Any CPU
		{0334654D-0993-4613-8EFD-B550B17D852D}.Release|Any CPU.Build.0 = Release|Any CPU
		{0334654D-0993-4613-8EFD-B550B17D852D}.Release|Any CPU.Deploy.0 = Release|Any CPU
		{0334654D-0993-4613-8EFD-B550B17D852D}.Release|ARM64.ActiveCfg = Release|Any CPU
		{0334654D-0993-4613-8EFD-B550B17D852D}.Release|ARM64.Build.0 = Release|Any CPU
		{0334654D-0993-4613-8EFD-B550B17D852D}.Release|ARM64.Deploy.0 = Release|Any CPU
		{0334654D-0993-4613-8EFD-B550B17D852D}.Release|x64.ActiveCfg = Release|Any CPU
		{0334654D-0993-4613-8EFD-B550B17D852D}.Release|x64.Build.0 = Release|Any CPU
		{0334654D-0993-4613-8EFD-B550B17D852D}.Release|x64.Deploy.0 = Release|Any CPU
		{0334654D-0993-4613-8EFD-B550B17D852D}.Release|x86.ActiveCfg = Release|Any CPU
		{0334654D-0993-4613-8EFD-B550B17D852D}.Release|x86.Build.0 = Release|Any CPU
		{0334654D-0993-4613-8EFD-B550B17D852D}.Release|x86.Deploy.0 = Release|Any CPU
	EndGlobalSection
	GlobalSection(SolutionProperties) = preSolution
		HideSolutionNode = FALSE
	EndGlobalSection
	GlobalSection(NestedProjects) = preSolution
		{800AA4C7-F224-4DEC-8233-E1BFFEC86D85} = {E7986880-1ACF-49FA-9342-BE3B84F2E66C}
		{0334654D-0993-4613-8EFD-B550B17D852D} = {F14F8CA8-0B91-466D-8E1B-6E2CA7DA6FA1}
	EndGlobalSection
	GlobalSection(ExtensibilityGlobals) = postSolution
		SolutionGuid = {C7AE22D9-D59F-4841-A433-E116C83CD883}
	EndGlobalSection
EndGlobal
